
Microsoft Visual Studio Solution File, Format Version 12.00
# Visual Studio Version 17
VisualStudioVersion = 17.4.33110.190
MinimumVisualStudioVersion = 10.0.40219.1
Project("{9A19103F-16F7-4668-BE54-9A1E7A4F7556}") = "ControllerExample", "ControllerExample.csproj", "{90A98F31-1588-4AF7-9C0D-66AAA1176970}"
EndProject
Project("{9A19103F-16F7-4668-BE54-9A1E7A4F7556}") = "ModelValidations", "..\ModelValidations\ModelValidations.csproj", "{37FA516C-364A-4A47-8ED9-92913145FA1F}"
EndProject
Project("{FAE04EC0-301F-11D3-BF4B-00C04F79EFBC}") = "ViewsExample", "..\ViewsExample\ViewsExample.csproj", "{C51F6C01-45DE-430A-BADC-A1ECF5FB2556}"
EndProject
Global
	GlobalSection(SolutionConfigurationPlatforms) = preSolution
		Debug|Any CPU = Debug|Any CPU
		Release|Any CPU = Release|Any CPU
	EndGlobalSection
	GlobalSection(ProjectConfigurationPlatforms) = postSolution
		{90A98F31-1588-4AF7-9C0D-66AAA1176970}.Debug|Any CPU.ActiveCfg = Debug|Any CPU
		{90A98F31-1588-4AF7-9C0D-66AAA1176970}.Debug|Any CPU.Build.0 = Debug|Any CPU
		{90A98F31-1588-4AF7-9C0D-66AAA1176970}.Release|Any CPU.ActiveCfg = Release|Any CPU
		{90A98F31-1588-4AF7-9C0D-66AAA1176970}.Release|Any CPU.Build.0 = Release|Any CPU
		{37FA516C-364A-4A47-8ED9-92913145FA1F}.Debug|Any CPU.ActiveCfg = Debug|Any CPU
		{37FA516C-364A-4A47-8ED9-92913145FA1F}.Debug|Any CPU.Build.0 = Debug|Any CPU
		{37FA516C-364A-4A47-8ED9-92913145FA1F}.Release|Any CPU.ActiveCfg = Release|Any CPU
		{37FA516C-364A-4A47-8ED9-92913145FA1F}.Release|Any CPU.Build.0 = Release|Any CPU
		{C51F6C01-45DE-430A-BADC-A1ECF5FB2556}.Debug|Any CPU.ActiveCfg = Debug|Any CPU
		{C51F6C01-45DE-430A-BADC-A1ECF5FB2556}.Debug|Any CPU.Build.0 = Debug|Any CPU
		{C51F6C01-45DE-430A-BADC-A1ECF5FB2556}.Release|Any CPU.ActiveCfg = Release|Any CPU
		{C51F6C01-45DE-430A-BADC-A1ECF5FB2556}.Release|Any CPU.Build.0 = Release|Any CPU
	EndGlobalSection
	GlobalSection(SolutionProperties) = preSolution
		HideSolutionNode = FALSE
	EndGlobalSection
	GlobalSection(ExtensibilityGlobals) = postSolution
		SolutionGuid = {06E6B1C9-AC1D-48D1-BDEB-8D81CDEA4BC5}
	EndGlobalSection
EndGlobal
